
Microsoft Visual Studio Solution File, Format Version 12.00
# Visual Studio Version 17
VisualStudioVersion = 17.4.33213.308
MinimumVisualStudioVersion = 10.0.40219.1
Project("{9A19103F-16F7-4668-BE54-9A1E7A4F7556}") = "Levi9-5DaysInCloud", "Levi9-5DaysInCloud\Levi9-5DaysInCloud.csproj", "{EB33E2F7-7E0B-4CCE-A8B8-061C4C1870A4}"
EndProject
Project("{9A19103F-16F7-4668-BE54-9A1E7A4F7556}") = "UnitTests", "UnitTests\UnitTests.csproj", "{6A5F6E01-D98F-4210-9E14-33EC141B77B6}"
EndProject
Global
	GlobalSection(SolutionConfigurationPlatforms) = preSolution
		Debug|Any CPU = Debug|Any CPU
		Release|Any CPU = Release|Any CPU
	EndGlobalSection
	GlobalSection(ProjectConfigurationPlatforms) = postSolution
		{EB33E2F7-7E0B-4CCE-A8B8-061C4C1870A4}.Debug|Any CPU.ActiveCfg = Debug|Any CPU
		{EB33E2F7-7E0B-4CCE-A8B8-061C4C1870A4}.Debug|Any CPU.Build.0 = Debug|Any CPU
		{EB33E2F7-7E0B-4CCE-A8B8-061C4C1870A4}.Release|Any CPU.ActiveCfg = Release|Any CPU
		{EB33E2F7-7E0B-4CCE-A8B8-061C4C1870A4}.Release|Any CPU.Build.0 = Release|Any CPU
		{6A5F6E01-D98F-4210-9E14-33EC141B77B6}.Debug|Any CPU.ActiveCfg = Debug|Any CPU
		{6A5F6E01-D98F-4210-9E14-33EC141B77B6}.Debug|Any CPU.Build.0 = Debug|Any CPU
		{6A5F6E01-D98F-4210-9E14-33EC141B77B6}.Release|Any CPU.ActiveCfg = Release|Any CPU
		{6A5F6E01-D98F-4210-9E14-33EC141B77B6}.Release|Any CPU.Build.0 = Release|Any CPU
	EndGlobalSection
	GlobalSection(SolutionProperties) = preSolution
		HideSolutionNode = FALSE
	EndGlobalSection
	GlobalSection(ExtensibilityGlobals) = postSolution
		SolutionGuid = {AA8D05F2-F4FD-4476-8FAA-6403E0EA1426}
	EndGlobalSection
EndGlobal
